
Microsoft Visual Studio Solution File, Format Version 12.00
# Visual Studio 15
VisualStudioVersion = 15.0.26430.14
MinimumVisualStudioVersion = 10.0.40219.1
Project("{2150E333-8FDC-42A3-9474-1A3956D46DE8}") = "Solution Items", "Solution Items", "{6BC05413-873B-460E-BDA0-82BD63FC13DC}"
	ProjectSection(SolutionItems) = preProject
		..\nuspec\Acr.UserDialogs.nuspec = ..\nuspec\Acr.UserDialogs.nuspec
		..\build.cake = ..\build.cake
		..\build.cmd = ..\build.cmd
		..\nuspec\pack.cmd = ..\nuspec\pack.cmd
		..\nuspec\Plugin.UserDialogs.nuspec = ..\nuspec\Plugin.UserDialogs.nuspec
		..\nuspec\push.cmd = ..\nuspec\push.cmd
	EndProjectSection
EndProject
Project("{2150E333-8FDC-42A3-9474-1A3956D46DE8}") = "docs", "docs", "{E016AD70-2C74-4ADE-8189-7E7D90018423}"
	ProjectSection(SolutionItems) = preProject
		..\docs\actionsheets.md = ..\docs\actionsheets.md
		..\docs\alerts.md = ..\docs\alerts.md
		..\docs\android.md = ..\docs\android.md
		..\docs\changelog.md = ..\docs\changelog.md
		..\docs\confirm.md = ..\docs\confirm.md
		..\docs\date.md = ..\docs\date.md
		..\docs\faq.md = ..\docs\faq.md
		..\ISSUE_TEMPLATE = ..\ISSUE_TEMPLATE
		..\docs\login.md = ..\docs\login.md
		..\docs\progress.md = ..\docs\progress.md
		..\docs\prompt.md = ..\docs\prompt.md
		..\readme.md = ..\readme.md
		..\docs\time.md = ..\docs\time.md
		..\docs\toasts.md = ..\docs\toasts.md
	EndProjectSection
EndProject
Project("{D954291E-2A0B-460D-934E-DC6B0785DB48}") = "Plugin.UserDialogs.Shared", "Plugin.UserDialogs.Shared\Plugin.UserDialogs.Shared.shproj", "{630F9A7A-216F-4C67-B2EF-25F34AE3F5E7}"
EndProject
Project("{9A19103F-16F7-4668-BE54-9A1E7A4F7556}") = "Plugin.UserDialogs.Abstractions", "Plugin.UserDialogs.Abstractions\Plugin.UserDialogs.Abstractions.csproj", "{5BD64E8B-6710-4718-A487-7C4B1DD33F14}"
EndProject
Project("{9A19103F-16F7-4668-BE54-9A1E7A4F7556}") = "Plugin.UserDialogs", "Plugin.UserDialogs\Plugin.UserDialogs.csproj", "{A4BE5821-80D7-4BF2-9792-9F1CBC1178BA}"
EndProject
Project("{2150E333-8FDC-42A3-9474-1A3956D46DE8}") = "new", "new", "{1B80ABE4-1617-4256-AA09-B643621DDE68}"
EndProject
Project("{FAE04EC0-301F-11D3-BF4B-00C04F79EFBC}") = "Plugin.UserDialogs.iOS", "Plugin.UserDialogs.iOS\Plugin.UserDialogs.iOS.csproj", "{AD9393B8-F72D-4F0F-B61F-F425A04E7ED7}"
EndProject
Project("{FAE04EC0-301F-11D3-BF4B-00C04F79EFBC}") = "Plugin.UserDialogs.Android", "Plugin.UserDialogs.Android\Plugin.UserDialogs.Android.csproj", "{1AFB2EA9-2464-4C36-8734-C9BD7DD581CF}"
EndProject
Project("{FAE04EC0-301F-11D3-BF4B-00C04F79EFBC}") = "Plugin.UserDialogs.Uwp", "Plugin.UserDialogs.Uwp\Plugin.UserDialogs.Uwp.csproj", "{149CA0B4-2B8B-43B0-BE05-D9B30653800D}"
EndProject
Global
	GlobalSection(SharedMSBuildProjectFiles) = preSolution
		Plugin.UserDialogs.Shared\Plugin.UserDialogs.Shared.projitems*{149ca0b4-2b8b-43b0-be05-d9b30653800d}*SharedItemsImports = 4
		Plugin.UserDialogs.Shared\Plugin.UserDialogs.Shared.projitems*{1afb2ea9-2464-4c36-8734-c9bd7dd581cf}*SharedItemsImports = 4
		Plugin.UserDialogs.Shared\Plugin.UserDialogs.Shared.projitems*{630f9a7a-216f-4c67-b2ef-25f34ae3f5e7}*SharedItemsImports = 13
		Plugin.UserDialogs.Shared\Plugin.UserDialogs.Shared.projitems*{ad9393b8-f72d-4f0f-b61f-f425a04e7ed7}*SharedItemsImports = 4
	EndGlobalSection
	GlobalSection(SolutionConfigurationPlatforms) = preSolution
		Ad-Hoc|Any CPU = Ad-Hoc|Any CPU
		Ad-Hoc|ARM = Ad-Hoc|ARM
		Ad-Hoc|iPhone = Ad-Hoc|iPhone
		Ad-Hoc|iPhoneSimulator = Ad-Hoc|iPhoneSimulator
		Ad-Hoc|Mixed Platforms = Ad-Hoc|Mixed Platforms
		Ad-Hoc|x64 = Ad-Hoc|x64
		Ad-Hoc|x86 = Ad-Hoc|x86
		AppStore|Any CPU = AppStore|Any CPU
		AppStore|ARM = AppStore|ARM
		AppStore|iPhone = AppStore|iPhone
		AppStore|iPhoneSimulator = AppStore|iPhoneSimulator
		AppStore|Mixed Platforms = AppStore|Mixed Platforms
		AppStore|x64 = AppStore|x64
		AppStore|x86 = AppStore|x86
		Debug|Any CPU = Debug|Any CPU
		Debug|ARM = Debug|ARM
		Debug|iPhone = Debug|iPhone
		Debug|iPhoneSimulator = Debug|iPhoneSimulator
		Debug|Mixed Platforms = Debug|Mixed Platforms
		Debug|x64 = Debug|x64
		Debug|x86 = Debug|x86
		Release|Any CPU = Release|Any CPU
		Release|ARM = Release|ARM
		Release|iPhone = Release|iPhone
		Release|iPhoneSimulator = Release|iPhoneSimulator
		Release|Mixed Platforms = Release|Mixed Platforms
		Release|x64 = Release|x64
		Release|x86 = Release|x86
	EndGlobalSection
	GlobalSection(ProjectConfigurationPlatforms) = postSolution
		{5BD64E8B-6710-4718-A487-7C4B1DD33F14}.Ad-Hoc|Any CPU.ActiveCfg = Debug|Any CPU
		{5BD64E8B-6710-4718-A487-7C4B1DD33F14}.Ad-Hoc|Any CPU.Build.0 = Debug|Any CPU
		{5BD64E8B-6710-4718-A487-7C4B1DD33F14}.Ad-Hoc|ARM.ActiveCfg = Debug|Any CPU
		{5BD64E8B-6710-4718-A487-7C4B1DD33F14}.Ad-Hoc|ARM.Build.0 = Debug|Any CPU
		{5BD64E8B-6710-4718-A487-7C4B1DD33F14}.Ad-Hoc|iPhone.ActiveCfg = Debug|Any CPU
		{5BD64E8B-6710-4718-A487-7C4B1DD33F14}.Ad-Hoc|iPhone.Build.0 = Debug|Any CPU
		{5BD64E8B-6710-4718-A487-7C4B1DD33F14}.Ad-Hoc|iPhoneSimulator.ActiveCfg = Debug|Any CPU
		{5BD64E8B-6710-4718-A487-7C4B1DD33F14}.Ad-Hoc|iPhoneSimulator.Build.0 = Debug|Any CPU
		{5BD64E8B-6710-4718-A487-7C4B1DD33F14}.Ad-Hoc|Mixed Platforms.ActiveCfg = Debug|Any CPU
		{5BD64E8B-6710-4718-A487-7C4B1DD33F14}.Ad-Hoc|Mixed Platforms.Build.0 = Debug|Any CPU
		{5BD64E8B-6710-4718-A487-7C4B1DD33F14}.Ad-Hoc|x64.ActiveCfg = Debug|Any CPU
		{5BD64E8B-6710-4718-A487-7C4B1DD33F14}.Ad-Hoc|x64.Build.0 = Debug|Any CPU
		{5BD64E8B-6710-4718-A487-7C4B1DD33F14}.Ad-Hoc|x86.ActiveCfg = Debug|Any CPU
		{5BD64E8B-6710-4718-A487-7C4B1DD33F14}.Ad-Hoc|x86.Build.0 = Debug|Any CPU
		{5BD64E8B-6710-4718-A487-7C4B1DD33F14}.AppStore|Any CPU.ActiveCfg = Debug|Any CPU
		{5BD64E8B-6710-4718-A487-7C4B1DD33F14}.AppStore|Any CPU.Build.0 = Debug|Any CPU
		{5BD64E8B-6710-4718-A487-7C4B1DD33F14}.AppStore|ARM.ActiveCfg = Debug|Any CPU
		{5BD64E8B-6710-4718-A487-7C4B1DD33F14}.AppStore|ARM.Build.0 = Debug|Any CPU
		{5BD64E8B-6710-4718-A487-7C4B1DD33F14}.AppStore|iPhone.ActiveCfg = Debug|Any CPU
		{5BD64E8B-6710-4718-A487-7C4B1DD33F14}.AppStore|iPhone.Build.0 = Debug|Any CPU
		{5BD64E8B-6710-4718-A487-7C4B1DD33F14}.AppStore|iPhoneSimulator.ActiveCfg = Debug|Any CPU
		{5BD64E8B-6710-4718-A487-7C4B1DD33F14}.AppStore|iPhoneSimulator.Build.0 = Debug|Any CPU
		{5BD64E8B-6710-4718-A487-7C4B1DD33F14}.AppStore|Mixed Platforms.ActiveCfg = Debug|Any CPU
		{5BD64E8B-6710-4718-A487-7C4B1DD33F14}.AppStore|Mixed Platforms.Build.0 = Debug|Any CPU
		{5BD64E8B-6710-4718-A487-7C4B1DD33F14}.AppStore|x64.ActiveCfg = Debug|Any CPU
		{5BD64E8B-6710-4718-A487-7C4B1DD33F14}.AppStore|x64.Build.0 = Debug|Any CPU
		{5BD64E8B-6710-4718-A487-7C4B1DD33F14}.AppStore|x86.ActiveCfg = Debug|Any CPU
		{5BD64E8B-6710-4718-A487-7C4B1DD33F14}.AppStore|x86.Build.0 = Debug|Any CPU
		{5BD64E8B-6710-4718-A487-7C4B1DD33F14}.Debug|Any CPU.ActiveCfg = Debug|Any CPU
		{5BD64E8B-6710-4718-A487-7C4B1DD33F14}.Debug|Any CPU.Build.0 = Debug|Any CPU
		{5BD64E8B-6710-4718-A487-7C4B1DD33F14}.Debug|ARM.ActiveCfg = Debug|Any CPU
		{5BD64E8B-6710-4718-A487-7C4B1DD33F14}.Debug|ARM.Build.0 = Debug|Any CPU
		{5BD64E8B-6710-4718-A487-7C4B1DD33F14}.Debug|iPhone.ActiveCfg = Debug|Any CPU
		{5BD64E8B-6710-4718-A487-7C4B1DD33F14}.Debug|iPhone.Build.0 = Debug|Any CPU
		{5BD64E8B-6710-4718-A487-7C4B1DD33F14}.Debug|iPhoneSimulator.ActiveCfg = Debug|Any CPU
		{5BD64E8B-6710-4718-A487-7C4B1DD33F14}.Debug|iPhoneSimulator.Build.0 = Debug|Any CPU
		{5BD64E8B-6710-4718-A487-7C4B1DD33F14}.Debug|Mixed Platforms.ActiveCfg = Debug|Any CPU
		{5BD64E8B-6710-4718-A487-7C4B1DD33F14}.Debug|Mixed Platforms.Build.0 = Debug|Any CPU
		{5BD64E8B-6710-4718-A487-7C4B1DD33F14}.Debug|x64.ActiveCfg = Debug|Any CPU
		{5BD64E8B-6710-4718-A487-7C4B1DD33F14}.Debug|x64.Build.0 = Debug|Any CPU
		{5BD64E8B-6710-4718-A487-7C4B1DD33F14}.Debug|x86.ActiveCfg = Debug|Any CPU
		{5BD64E8B-6710-4718-A487-7C4B1DD33F14}.Debug|x86.Build.0 = Debug|Any CPU
		{5BD64E8B-6710-4718-A487-7C4B1DD33F14}.Release|Any CPU.ActiveCfg = Release|Any CPU
		{5BD64E8B-6710-4718-A487-7C4B1DD33F14}.Release|Any CPU.Build.0 = Release|Any CPU
		{5BD64E8B-6710-4718-A487-7C4B1DD33F14}.Release|ARM.ActiveCfg = Release|Any CPU
		{5BD64E8B-6710-4718-A487-7C4B1DD33F14}.Release|ARM.Build.0 = Release|Any CPU
		{5BD64E8B-6710-4718-A487-7C4B1DD33F14}.Release|iPhone.ActiveCfg = Release|Any CPU
		{5BD64E8B-6710-4718-A487-7C4B1DD33F14}.Release|iPhone.Build.0 = Release|Any CPU
		{5BD64E8B-6710-4718-A487-7C4B1DD33F14}.Release|iPhoneSimulator.ActiveCfg = Release|Any CPU
		{5BD64E8B-6710-4718-A487-7C4B1DD33F14}.Release|iPhoneSimulator.Build.0 = Release|Any CPU
		{5BD64E8B-6710-4718-A487-7C4B1DD33F14}.Release|Mixed Platforms.ActiveCfg = Release|Any CPU
		{5BD64E8B-6710-4718-A487-7C4B1DD33F14}.Release|Mixed Platforms.Build.0 = Release|Any CPU
		{5BD64E8B-6710-4718-A487-7C4B1DD33F14}.Release|x64.ActiveCfg = Release|Any CPU
		{5BD64E8B-6710-4718-A487-7C4B1DD33F14}.Release|x64.Build.0 = Release|Any CPU
		{5BD64E8B-6710-4718-A487-7C4B1DD33F14}.Release|x86.ActiveCfg = Release|Any CPU
		{5BD64E8B-6710-4718-A487-7C4B1DD33F14}.Release|x86.Build.0 = Release|Any CPU
		{A4BE5821-80D7-4BF2-9792-9F1CBC1178BA}.Ad-Hoc|Any CPU.ActiveCfg = Debug|Any CPU
		{A4BE5821-80D7-4BF2-9792-9F1CBC1178BA}.Ad-Hoc|Any CPU.Build.0 = Debug|Any CPU
		{A4BE5821-80D7-4BF2-9792-9F1CBC1178BA}.Ad-Hoc|ARM.ActiveCfg = Debug|Any CPU
		{A4BE5821-80D7-4BF2-9792-9F1CBC1178BA}.Ad-Hoc|ARM.Build.0 = Debug|Any CPU
		{A4BE5821-80D7-4BF2-9792-9F1CBC1178BA}.Ad-Hoc|iPhone.ActiveCfg = Debug|Any CPU
		{A4BE5821-80D7-4BF2-9792-9F1CBC1178BA}.Ad-Hoc|iPhone.Build.0 = Debug|Any CPU
		{A4BE5821-80D7-4BF2-9792-9F1CBC1178BA}.Ad-Hoc|iPhoneSimulator.ActiveCfg = Debug|Any CPU
		{A4BE5821-80D7-4BF2-9792-9F1CBC1178BA}.Ad-Hoc|iPhoneSimulator.Build.0 = Debug|Any CPU
		{A4BE5821-80D7-4BF2-9792-9F1CBC1178BA}.Ad-Hoc|Mixed Platforms.ActiveCfg = Debug|Any CPU
		{A4BE5821-80D7-4BF2-9792-9F1CBC1178BA}.Ad-Hoc|Mixed Platforms.Build.0 = Debug|Any CPU
		{A4BE5821-80D7-4BF2-9792-9F1CBC1178BA}.Ad-Hoc|x64.ActiveCfg = Debug|Any CPU
		{A4BE5821-80D7-4BF2-9792-9F1CBC1178BA}.Ad-Hoc|x64.Build.0 = Debug|Any CPU
		{A4BE5821-80D7-4BF2-9792-9F1CBC1178BA}.Ad-Hoc|x86.ActiveCfg = Debug|Any CPU
		{A4BE5821-80D7-4BF2-9792-9F1CBC1178BA}.Ad-Hoc|x86.Build.0 = Debug|Any CPU
		{A4BE5821-80D7-4BF2-9792-9F1CBC1178BA}.AppStore|Any CPU.ActiveCfg = Debug|Any CPU
		{A4BE5821-80D7-4BF2-9792-9F1CBC1178BA}.AppStore|Any CPU.Build.0 = Debug|Any CPU
		{A4BE5821-80D7-4BF2-9792-9F1CBC1178BA}.AppStore|ARM.ActiveCfg = Debug|Any CPU
		{A4BE5821-80D7-4BF2-9792-9F1CBC1178BA}.AppStore|ARM.Build.0 = Debug|Any CPU
		{A4BE5821-80D7-4BF2-9792-9F1CBC1178BA}.AppStore|iPhone.ActiveCfg = Debug|Any CPU
		{A4BE5821-80D7-4BF2-9792-9F1CBC1178BA}.AppStore|iPhone.Build.0 = Debug|Any CPU
		{A4BE5821-80D7-4BF2-9792-9F1CBC1178BA}.AppStore|iPhoneSimulator.ActiveCfg = Debug|Any CPU
		{A4BE5821-80D7-4BF2-9792-9F1CBC1178BA}.AppStore|iPhoneSimulator.Build.0 = Debug|Any CPU
		{A4BE5821-80D7-4BF2-9792-9F1CBC1178BA}.AppStore|Mixed Platforms.ActiveCfg = Debug|Any CPU
		{A4BE5821-80D7-4BF2-9792-9F1CBC1178BA}.AppStore|Mixed Platforms.Build.0 = Debug|Any CPU
		{A4BE5821-80D7-4BF2-9792-9F1CBC1178BA}.AppStore|x64.ActiveCfg = Debug|Any CPU
		{A4BE5821-80D7-4BF2-9792-9F1CBC1178BA}.AppStore|x64.Build.0 = Debug|Any CPU
		{A4BE5821-80D7-4BF2-9792-9F1CBC1178BA}.AppStore|x86.ActiveCfg = Debug|Any CPU
		{A4BE5821-80D7-4BF2-9792-9F1CBC1178BA}.AppStore|x86.Build.0 = Debug|Any CPU
		{A4BE5821-80D7-4BF2-9792-9F1CBC1178BA}.Debug|Any CPU.ActiveCfg = Debug|Any CPU
		{A4BE5821-80D7-4BF2-9792-9F1CBC1178BA}.Debug|Any CPU.Build.0 = Debug|Any CPU
		{A4BE5821-80D7-4BF2-9792-9F1CBC1178BA}.Debug|ARM.ActiveCfg = Debug|Any CPU
		{A4BE5821-80D7-4BF2-9792-9F1CBC1178BA}.Debug|ARM.Build.0 = Debug|Any CPU
		{A4BE5821-80D7-4BF2-9792-9F1CBC1178BA}.Debug|iPhone.ActiveCfg = Debug|Any CPU
		{A4BE5821-80D7-4BF2-9792-9F1CBC1178BA}.Debug|iPhone.Build.0 = Debug|Any CPU
		{A4BE5821-80D7-4BF2-9792-9F1CBC1178BA}.Debug|iPhoneSimulator.ActiveCfg = Debug|Any CPU
		{A4BE5821-80D7-4BF2-9792-9F1CBC1178BA}.Debug|iPhoneSimulator.Build.0 = Debug|Any CPU
		{A4BE5821-80D7-4BF2-9792-9F1CBC1178BA}.Debug|Mixed Platforms.ActiveCfg = Debug|Any CPU
		{A4BE5821-80D7-4BF2-9792-9F1CBC1178BA}.Debug|Mixed Platforms.Build.0 = Debug|Any CPU
		{A4BE5821-80D7-4BF2-9792-9F1CBC1178BA}.Debug|x64.ActiveCfg = Debug|Any CPU
		{A4BE5821-80D7-4BF2-9792-9F1CBC1178BA}.Debug|x64.Build.0 = Debug|Any CPU
		{A4BE5821-80D7-4BF2-9792-9F1CBC1178BA}.Debug|x86.ActiveCfg = Debug|Any CPU
		{A4BE5821-80D7-4BF2-9792-9F1CBC1178BA}.Debug|x86.Build.0 = Debug|Any CPU
		{A4BE5821-80D7-4BF2-9792-9F1CBC1178BA}.Release|Any CPU.ActiveCfg = Release|Any CPU
		{A4BE5821-80D7-4BF2-9792-9F1CBC1178BA}.Release|Any CPU.Build.0 = Release|Any CPU
		{A4BE5821-80D7-4BF2-9792-9F1CBC1178BA}.Release|ARM.ActiveCfg = Release|Any CPU
		{A4BE5821-80D7-4BF2-9792-9F1CBC1178BA}.Release|ARM.Build.0 = Release|Any CPU
		{A4BE5821-80D7-4BF2-9792-9F1CBC1178BA}.Release|iPhone.ActiveCfg = Release|Any CPU
		{A4BE5821-80D7-4BF2-9792-9F1CBC1178BA}.Release|iPhone.Build.0 = Release|Any CPU
		{A4BE5821-80D7-4BF2-9792-9F1CBC1178BA}.Release|iPhoneSimulator.ActiveCfg = Release|Any CPU
		{A4BE5821-80D7-4BF2-9792-9F1CBC1178BA}.Release|iPhoneSimulator.Build.0 = Release|Any CPU
		{A4BE5821-80D7-4BF2-9792-9F1CBC1178BA}.Release|Mixed Platforms.ActiveCfg = Release|Any CPU
		{A4BE5821-80D7-4BF2-9792-9F1CBC1178BA}.Release|Mixed Platforms.Build.0 = Release|Any CPU
		{A4BE5821-80D7-4BF2-9792-9F1CBC1178BA}.Release|x64.ActiveCfg = Release|Any CPU
		{A4BE5821-80D7-4BF2-9792-9F1CBC1178BA}.Release|x64.Build.0 = Release|Any CPU
		{A4BE5821-80D7-4BF2-9792-9F1CBC1178BA}.Release|x86.ActiveCfg = Release|Any CPU
		{A4BE5821-80D7-4BF2-9792-9F1CBC1178BA}.Release|x86.Build.0 = Release|Any CPU
		{AD9393B8-F72D-4F0F-B61F-F425A04E7ED7}.Ad-Hoc|Any CPU.ActiveCfg = Release|Any CPU
		{AD9393B8-F72D-4F0F-B61F-F425A04E7ED7}.Ad-Hoc|Any CPU.Build.0 = Release|Any CPU
		{AD9393B8-F72D-4F0F-B61F-F425A04E7ED7}.Ad-Hoc|ARM.ActiveCfg = Release|Any CPU
		{AD9393B8-F72D-4F0F-B61F-F425A04E7ED7}.Ad-Hoc|ARM.Build.0 = Release|Any CPU
		{AD9393B8-F72D-4F0F-B61F-F425A04E7ED7}.Ad-Hoc|iPhone.ActiveCfg = Release|Any CPU
		{AD9393B8-F72D-4F0F-B61F-F425A04E7ED7}.Ad-Hoc|iPhone.Build.0 = Release|Any CPU
		{AD9393B8-F72D-4F0F-B61F-F425A04E7ED7}.Ad-Hoc|iPhoneSimulator.ActiveCfg = Release|Any CPU
		{AD9393B8-F72D-4F0F-B61F-F425A04E7ED7}.Ad-Hoc|iPhoneSimulator.Build.0 = Release|Any CPU
		{AD9393B8-F72D-4F0F-B61F-F425A04E7ED7}.Ad-Hoc|Mixed Platforms.ActiveCfg = Release|Any CPU
		{AD9393B8-F72D-4F0F-B61F-F425A04E7ED7}.Ad-Hoc|Mixed Platforms.Build.0 = Release|Any CPU
		{AD9393B8-F72D-4F0F-B61F-F425A04E7ED7}.Ad-Hoc|x64.ActiveCfg = Release|Any CPU
		{AD9393B8-F72D-4F0F-B61F-F425A04E7ED7}.Ad-Hoc|x64.Build.0 = Release|Any CPU
		{AD9393B8-F72D-4F0F-B61F-F425A04E7ED7}.Ad-Hoc|x86.ActiveCfg = Release|Any CPU
		{AD9393B8-F72D-4F0F-B61F-F425A04E7ED7}.Ad-Hoc|x86.Build.0 = Release|Any CPU
		{AD9393B8-F72D-4F0F-B61F-F425A04E7ED7}.AppStore|Any CPU.ActiveCfg = Release|Any CPU
		{AD9393B8-F72D-4F0F-B61F-F425A04E7ED7}.AppStore|Any CPU.Build.0 = Release|Any CPU
		{AD9393B8-F72D-4F0F-B61F-F425A04E7ED7}.AppStore|ARM.ActiveCfg = Release|Any CPU
		{AD9393B8-F72D-4F0F-B61F-F425A04E7ED7}.AppStore|ARM.Build.0 = Release|Any CPU
		{AD9393B8-F72D-4F0F-B61F-F425A04E7ED7}.AppStore|iPhone.ActiveCfg = Release|Any CPU
		{AD9393B8-F72D-4F0F-B61F-F425A04E7ED7}.AppStore|iPhone.Build.0 = Release|Any CPU
		{AD9393B8-F72D-4F0F-B61F-F425A04E7ED7}.AppStore|iPhoneSimulator.ActiveCfg = Release|Any CPU
		{AD9393B8-F72D-4F0F-B61F-F425A04E7ED7}.AppStore|iPhoneSimulator.Build.0 = Release|Any CPU
		{AD9393B8-F72D-4F0F-B61F-F425A04E7ED7}.AppStore|Mixed Platforms.ActiveCfg = Release|Any CPU
		{AD9393B8-F72D-4F0F-B61F-F425A04E7ED7}.AppStore|Mixed Platforms.Build.0 = Release|Any CPU
		{AD9393B8-F72D-4F0F-B61F-F425A04E7ED7}.AppStore|x64.ActiveCfg = Release|Any CPU
		{AD9393B8-F72D-4F0F-B61F-F425A04E7ED7}.AppStore|x64.Build.0 = Release|Any CPU
		{AD9393B8-F72D-4F0F-B61F-F425A04E7ED7}.AppStore|x86.ActiveCfg = Release|Any CPU
		{AD9393B8-F72D-4F0F-B61F-F425A04E7ED7}.AppStore|x86.Build.0 = Release|Any CPU
		{AD9393B8-F72D-4F0F-B61F-F425A04E7ED7}.Debug|Any CPU.ActiveCfg = Debug|Any CPU
		{AD9393B8-F72D-4F0F-B61F-F425A04E7ED7}.Debug|Any CPU.Build.0 = Debug|Any CPU
		{AD9393B8-F72D-4F0F-B61F-F425A04E7ED7}.Debug|ARM.ActiveCfg = Debug|Any CPU
		{AD9393B8-F72D-4F0F-B61F-F425A04E7ED7}.Debug|ARM.Build.0 = Debug|Any CPU
		{AD9393B8-F72D-4F0F-B61F-F425A04E7ED7}.Debug|iPhone.ActiveCfg = Debug|Any CPU
		{AD9393B8-F72D-4F0F-B61F-F425A04E7ED7}.Debug|iPhone.Build.0 = Debug|Any CPU
		{AD9393B8-F72D-4F0F-B61F-F425A04E7ED7}.Debug|iPhoneSimulator.ActiveCfg = Debug|Any CPU
		{AD9393B8-F72D-4F0F-B61F-F425A04E7ED7}.Debug|iPhoneSimulator.Build.0 = Debug|Any CPU
		{AD9393B8-F72D-4F0F-B61F-F425A04E7ED7}.Debug|Mixed Platforms.ActiveCfg = Debug|Any CPU
		{AD9393B8-F72D-4F0F-B61F-F425A04E7ED7}.Debug|Mixed Platforms.Build.0 = Debug|Any CPU
		{AD9393B8-F72D-4F0F-B61F-F425A04E7ED7}.Debug|x64.ActiveCfg = Debug|Any CPU
		{AD9393B8-F72D-4F0F-B61F-F425A04E7ED7}.Debug|x64.Build.0 = Debug|Any CPU
		{AD9393B8-F72D-4F0F-B61F-F425A04E7ED7}.Debug|x86.ActiveCfg = Debug|Any CPU
		{AD9393B8-F72D-4F0F-B61F-F425A04E7ED7}.Debug|x86.Build.0 = Debug|Any CPU
		{AD9393B8-F72D-4F0F-B61F-F425A04E7ED7}.Release|Any CPU.ActiveCfg = Release|Any CPU
		{AD9393B8-F72D-4F0F-B61F-F425A04E7ED7}.Release|Any CPU.Build.0 = Release|Any CPU
		{AD9393B8-F72D-4F0F-B61F-F425A04E7ED7}.Release|ARM.ActiveCfg = Release|Any CPU
		{AD9393B8-F72D-4F0F-B61F-F425A04E7ED7}.Release|ARM.Build.0 = Release|Any CPU
		{AD9393B8-F72D-4F0F-B61F-F425A04E7ED7}.Release|iPhone.ActiveCfg = Release|Any CPU
		{AD9393B8-F72D-4F0F-B61F-F425A04E7ED7}.Release|iPhone.Build.0 = Release|Any CPU
		{AD9393B8-F72D-4F0F-B61F-F425A04E7ED7}.Release|iPhoneSimulator.ActiveCfg = Release|Any CPU
		{AD9393B8-F72D-4F0F-B61F-F425A04E7ED7}.Release|iPhoneSimulator.Build.0 = Release|Any CPU
		{AD9393B8-F72D-4F0F-B61F-F425A04E7ED7}.Release|Mixed Platforms.ActiveCfg = Release|Any CPU
		{AD9393B8-F72D-4F0F-B61F-F425A04E7ED7}.Release|Mixed Platforms.Build.0 = Release|Any CPU
		{AD9393B8-F72D-4F0F-B61F-F425A04E7ED7}.Release|x64.ActiveCfg = Release|Any CPU
		{AD9393B8-F72D-4F0F-B61F-F425A04E7ED7}.Release|x64.Build.0 = Release|Any CPU
		{AD9393B8-F72D-4F0F-B61F-F425A04E7ED7}.Release|x86.ActiveCfg = Release|Any CPU
		{AD9393B8-F72D-4F0F-B61F-F425A04E7ED7}.Release|x86.Build.0 = Release|Any CPU
		{1AFB2EA9-2464-4C36-8734-C9BD7DD581CF}.Ad-Hoc|Any CPU.ActiveCfg = Release|Any CPU
		{1AFB2EA9-2464-4C36-8734-C9BD7DD581CF}.Ad-Hoc|Any CPU.Build.0 = Release|Any CPU
		{1AFB2EA9-2464-4C36-8734-C9BD7DD581CF}.Ad-Hoc|ARM.ActiveCfg = Release|Any CPU
		{1AFB2EA9-2464-4C36-8734-C9BD7DD581CF}.Ad-Hoc|ARM.Build.0 = Release|Any CPU
		{1AFB2EA9-2464-4C36-8734-C9BD7DD581CF}.Ad-Hoc|iPhone.ActiveCfg = Release|Any CPU
		{1AFB2EA9-2464-4C36-8734-C9BD7DD581CF}.Ad-Hoc|iPhone.Build.0 = Release|Any CPU
		{1AFB2EA9-2464-4C36-8734-C9BD7DD581CF}.Ad-Hoc|iPhoneSimulator.ActiveCfg = Release|Any CPU
		{1AFB2EA9-2464-4C36-8734-C9BD7DD581CF}.Ad-Hoc|iPhoneSimulator.Build.0 = Release|Any CPU
		{1AFB2EA9-2464-4C36-8734-C9BD7DD581CF}.Ad-Hoc|Mixed Platforms.ActiveCfg = Release|Any CPU
		{1AFB2EA9-2464-4C36-8734-C9BD7DD581CF}.Ad-Hoc|Mixed Platforms.Build.0 = Release|Any CPU
		{1AFB2EA9-2464-4C36-8734-C9BD7DD581CF}.Ad-Hoc|x64.ActiveCfg = Release|Any CPU
		{1AFB2EA9-2464-4C36-8734-C9BD7DD581CF}.Ad-Hoc|x64.Build.0 = Release|Any CPU
		{1AFB2EA9-2464-4C36-8734-C9BD7DD581CF}.Ad-Hoc|x86.ActiveCfg = Release|Any CPU
		{1AFB2EA9-2464-4C36-8734-C9BD7DD581CF}.Ad-Hoc|x86.Build.0 = Release|Any CPU
		{1AFB2EA9-2464-4C36-8734-C9BD7DD581CF}.AppStore|Any CPU.ActiveCfg = Release|Any CPU
		{1AFB2EA9-2464-4C36-8734-C9BD7DD581CF}.AppStore|Any CPU.Build.0 = Release|Any CPU
		{1AFB2EA9-2464-4C36-8734-C9BD7DD581CF}.AppStore|ARM.ActiveCfg = Release|Any CPU
		{1AFB2EA9-2464-4C36-8734-C9BD7DD581CF}.AppStore|ARM.Build.0 = Release|Any CPU
		{1AFB2EA9-2464-4C36-8734-C9BD7DD581CF}.AppStore|iPhone.ActiveCfg = Release|Any CPU
		{1AFB2EA9-2464-4C36-8734-C9BD7DD581CF}.AppStore|iPhone.Build.0 = Release|Any CPU
		{1AFB2EA9-2464-4C36-8734-C9BD7DD581CF}.AppStore|iPhoneSimulator.ActiveCfg = Release|Any CPU
		{1AFB2EA9-2464-4C36-8734-C9BD7DD581CF}.AppStore|iPhoneSimulator.Build.0 = Release|Any CPU
		{1AFB2EA9-2464-4C36-8734-C9BD7DD581CF}.AppStore|Mixed Platforms.ActiveCfg = Release|Any CPU
		{1AFB2EA9-2464-4C36-8734-C9BD7DD581CF}.AppStore|Mixed Platforms.Build.0 = Release|Any CPU
		{1AFB2EA9-2464-4C36-8734-C9BD7DD581CF}.AppStore|x64.ActiveCfg = Release|Any CPU
		{1AFB2EA9-2464-4C36-8734-C9BD7DD581CF}.AppStore|x64.Build.0 = Release|Any CPU
		{1AFB2EA9-2464-4C36-8734-C9BD7DD581CF}.AppStore|x86.ActiveCfg = Release|Any CPU
		{1AFB2EA9-2464-4C36-8734-C9BD7DD581CF}.AppStore|x86.Build.0 = Release|Any CPU
		{1AFB2EA9-2464-4C36-8734-C9BD7DD581CF}.Debug|Any CPU.ActiveCfg = Debug|Any CPU
		{1AFB2EA9-2464-4C36-8734-C9BD7DD581CF}.Debug|Any CPU.Build.0 = Debug|Any CPU
		{1AFB2EA9-2464-4C36-8734-C9BD7DD581CF}.Debug|ARM.ActiveCfg = Debug|Any CPU
		{1AFB2EA9-2464-4C36-8734-C9BD7DD581CF}.Debug|ARM.Build.0 = Debug|Any CPU
		{1AFB2EA9-2464-4C36-8734-C9BD7DD581CF}.Debug|iPhone.ActiveCfg = Debug|Any CPU
		{1AFB2EA9-2464-4C36-8734-C9BD7DD581CF}.Debug|iPhone.Build.0 = Debug|Any CPU
		{1AFB2EA9-2464-4C36-8734-C9BD7DD581CF}.Debug|iPhoneSimulator.ActiveCfg = Debug|Any CPU
		{1AFB2EA9-2464-4C36-8734-C9BD7DD581CF}.Debug|iPhoneSimulator.Build.0 = Debug|Any CPU
		{1AFB2EA9-2464-4C36-8734-C9BD7DD581CF}.Debug|Mixed Platforms.ActiveCfg = Debug|Any CPU
		{1AFB2EA9-2464-4C36-8734-C9BD7DD581CF}.Debug|Mixed Platforms.Build.0 = Debug|Any CPU
		{1AFB2EA9-2464-4C36-8734-C9BD7DD581CF}.Debug|x64.ActiveCfg = Debug|Any CPU
		{1AFB2EA9-2464-4C36-8734-C9BD7DD581CF}.Debug|x64.Build.0 = Debug|Any CPU
		{1AFB2EA9-2464-4C36-8734-C9BD7DD581CF}.Debug|x86.ActiveCfg = Debug|Any CPU
		{1AFB2EA9-2464-4C36-8734-C9BD7DD581CF}.Debug|x86.Build.0 = Debug|Any CPU
		{1AFB2EA9-2464-4C36-8734-C9BD7DD581CF}.Release|Any CPU.ActiveCfg = Release|Any CPU
		{1AFB2EA9-2464-4C36-8734-C9BD7DD581CF}.Release|Any CPU.Build.0 = Release|Any CPU
		{1AFB2EA9-2464-4C36-8734-C9BD7DD581CF}.Release|ARM.ActiveCfg = Release|Any CPU
		{1AFB2EA9-2464-4C36-8734-C9BD7DD581CF}.Release|ARM.Build.0 = Release|Any CPU
		{1AFB2EA9-2464-4C36-8734-C9BD7DD581CF}.Release|iPhone.ActiveCfg = Release|Any CPU
		{1AFB2EA9-2464-4C36-8734-C9BD7DD581CF}.Release|iPhone.Build.0 = Release|Any CPU
		{1AFB2EA9-2464-4C36-8734-C9BD7DD581CF}.Release|iPhoneSimulator.ActiveCfg = Release|Any CPU
		{1AFB2EA9-2464-4C36-8734-C9BD7DD581CF}.Release|iPhoneSimulator.Build.0 = Release|Any CPU
		{1AFB2EA9-2464-4C36-8734-C9BD7DD581CF}.Release|Mixed Platforms.ActiveCfg = Release|Any CPU
		{1AFB2EA9-2464-4C36-8734-C9BD7DD581CF}.Release|Mixed Platforms.Build.0 = Release|Any CPU
		{1AFB2EA9-2464-4C36-8734-C9BD7DD581CF}.Release|x64.ActiveCfg = Release|Any CPU
		{1AFB2EA9-2464-4C36-8734-C9BD7DD581CF}.Release|x64.Build.0 = Release|Any CPU
		{1AFB2EA9-2464-4C36-8734-C9BD7DD581CF}.Release|x86.ActiveCfg = Release|Any CPU
		{1AFB2EA9-2464-4C36-8734-C9BD7DD581CF}.Release|x86.Build.0 = Release|Any CPU
		{149CA0B4-2B8B-43B0-BE05-D9B30653800D}.Ad-Hoc|Any CPU.ActiveCfg = Release|Any CPU
		{149CA0B4-2B8B-43B0-BE05-D9B30653800D}.Ad-Hoc|Any CPU.Build.0 = Release|Any CPU
		{149CA0B4-2B8B-43B0-BE05-D9B30653800D}.Ad-Hoc|ARM.ActiveCfg = Release|ARM
		{149CA0B4-2B8B-43B0-BE05-D9B30653800D}.Ad-Hoc|ARM.Build.0 = Release|ARM
		{149CA0B4-2B8B-43B0-BE05-D9B30653800D}.Ad-Hoc|iPhone.ActiveCfg = Release|Any CPU
		{149CA0B4-2B8B-43B0-BE05-D9B30653800D}.Ad-Hoc|iPhone.Build.0 = Release|Any CPU
		{149CA0B4-2B8B-43B0-BE05-D9B30653800D}.Ad-Hoc|iPhoneSimulator.ActiveCfg = Release|Any CPU
		{149CA0B4-2B8B-43B0-BE05-D9B30653800D}.Ad-Hoc|iPhoneSimulator.Build.0 = Release|Any CPU
		{149CA0B4-2B8B-43B0-BE05-D9B30653800D}.Ad-Hoc|Mixed Platforms.ActiveCfg = Release|x86
		{149CA0B4-2B8B-43B0-BE05-D9B30653800D}.Ad-Hoc|Mixed Platforms.Build.0 = Release|x86
		{149CA0B4-2B8B-43B0-BE05-D9B30653800D}.Ad-Hoc|x64.ActiveCfg = Release|x64
		{149CA0B4-2B8B-43B0-BE05-D9B30653800D}.Ad-Hoc|x64.Build.0 = Release|x64
		{149CA0B4-2B8B-43B0-BE05-D9B30653800D}.Ad-Hoc|x86.ActiveCfg = Release|x86
		{149CA0B4-2B8B-43B0-BE05-D9B30653800D}.Ad-Hoc|x86.Build.0 = Release|x86
		{149CA0B4-2B8B-43B0-BE05-D9B30653800D}.AppStore|Any CPU.ActiveCfg = Release|Any CPU
		{149CA0B4-2B8B-43B0-BE05-D9B30653800D}.AppStore|Any CPU.Build.0 = Release|Any CPU
		{149CA0B4-2B8B-43B0-BE05-D9B30653800D}.AppStore|ARM.ActiveCfg = Release|ARM
		{149CA0B4-2B8B-43B0-BE05-D9B30653800D}.AppStore|ARM.Build.0 = Release|ARM
		{149CA0B4-2B8B-43B0-BE05-D9B30653800D}.AppStore|iPhone.ActiveCfg = Release|Any CPU
		{149CA0B4-2B8B-43B0-BE05-D9B30653800D}.AppStore|iPhone.Build.0 = Release|Any CPU
		{149CA0B4-2B8B-43B0-BE05-D9B30653800D}.AppStore|iPhoneSimulator.ActiveCfg = Release|Any CPU
		{149CA0B4-2B8B-43B0-BE05-D9B30653800D}.AppStore|iPhoneSimulator.Build.0 = Release|Any CPU
		{149CA0B4-2B8B-43B0-BE05-D9B30653800D}.AppStore|Mixed Platforms.ActiveCfg = Release|x86
		{149CA0B4-2B8B-43B0-BE05-D9B30653800D}.AppStore|Mixed Platforms.Build.0 = Release|x86
		{149CA0B4-2B8B-43B0-BE05-D9B30653800D}.AppStore|x64.ActiveCfg = Release|x64
		{149CA0B4-2B8B-43B0-BE05-D9B30653800D}.AppStore|x64.Build.0 = Release|x64
		{149CA0B4-2B8B-43B0-BE05-D9B30653800D}.AppStore|x86.ActiveCfg = Release|x86
		{149CA0B4-2B8B-43B0-BE05-D9B30653800D}.AppStore|x86.Build.0 = Release|x86
		{149CA0B4-2B8B-43B0-BE05-D9B30653800D}.Debug|Any CPU.ActiveCfg = Debug|Any CPU
		{149CA0B4-2B8B-43B0-BE05-D9B30653800D}.Debug|Any CPU.Build.0 = Debug|Any CPU
		{149CA0B4-2B8B-43B0-BE05-D9B30653800D}.Debug|ARM.ActiveCfg = Debug|ARM
		{149CA0B4-2B8B-43B0-BE05-D9B30653800D}.Debug|ARM.Build.0 = Debug|ARM
		{149CA0B4-2B8B-43B0-BE05-D9B30653800D}.Debug|iPhone.ActiveCfg = Debug|Any CPU
		{149CA0B4-2B8B-43B0-BE05-D9B30653800D}.Debug|iPhone.Build.0 = Debug|Any CPU
		{149CA0B4-2B8B-43B0-BE05-D9B30653800D}.Debug|iPhoneSimulator.ActiveCfg = Debug|Any CPU
		{149CA0B4-2B8B-43B0-BE05-D9B30653800D}.Debug|iPhoneSimulator.Build.0 = Debug|Any CPU
		{149CA0B4-2B8B-43B0-BE05-D9B30653800D}.Debug|Mixed Platforms.ActiveCfg = Debug|x86
		{149CA0B4-2B8B-43B0-BE05-D9B30653800D}.Debug|Mixed Platforms.Build.0 = Debug|x86
		{149CA0B4-2B8B-43B0-BE05-D9B30653800D}.Debug|x64.ActiveCfg = Debug|x64
		{149CA0B4-2B8B-43B0-BE05-D9B30653800D}.Debug|x64.Build.0 = Debug|x64
		{149CA0B4-2B8B-43B0-BE05-D9B30653800D}.Debug|x86.ActiveCfg = Debug|x86
		{149CA0B4-2B8B-43B0-BE05-D9B30653800D}.Debug|x86.Build.0 = Debug|x86
		{149CA0B4-2B8B-43B0-BE05-D9B30653800D}.Release|Any CPU.ActiveCfg = Release|Any CPU
		{149CA0B4-2B8B-43B0-BE05-D9B30653800D}.Release|Any CPU.Build.0 = Release|Any CPU
		{149CA0B4-2B8B-43B0-BE05-D9B30653800D}.Release|ARM.ActiveCfg = Release|ARM
		{149CA0B4-2B8B-43B0-BE05-D9B30653800D}.Release|ARM.Build.0 = Release|ARM
		{149CA0B4-2B8B-43B0-BE05-D9B30653800D}.Release|iPhone.ActiveCfg = Release|Any CPU
		{149CA0B4-2B8B-43B0-BE05-D9B30653800D}.Release|iPhone.Build.0 = Release|Any CPU
		{149CA0B4-2B8B-43B0-BE05-D9B30653800D}.Release|iPhoneSimulator.ActiveCfg = Release|Any CPU
		{149CA0B4-2B8B-43B0-BE05-D9B30653800D}.Release|iPhoneSimulator.Build.0 = Release|Any CPU
		{149CA0B4-2B8B-43B0-BE05-D9B30653800D}.Release|Mixed Platforms.ActiveCfg = Release|x86
		{149CA0B4-2B8B-43B0-BE05-D9B30653800D}.Release|Mixed Platforms.Build.0 = Release|x86
		{149CA0B4-2B8B-43B0-BE05-D9B30653800D}.Release|x64.ActiveCfg = Release|x64
		{149CA0B4-2B8B-43B0-BE05-D9B30653800D}.Release|x64.Build.0 = Release|x64
		{149CA0B4-2B8B-43B0-BE05-D9B30653800D}.Release|x86.ActiveCfg = Release|x86
		{149CA0B4-2B8B-43B0-BE05-D9B30653800D}.Release|x86.Build.0 = Release|x86
	EndGlobalSection
	GlobalSection(SolutionProperties) = preSolution
		HideSolutionNode = FALSE
	EndGlobalSection
	GlobalSection(NestedProjects) = preSolution
		{630F9A7A-216F-4C67-B2EF-25F34AE3F5E7} = {1B80ABE4-1617-4256-AA09-B643621DDE68}
		{5BD64E8B-6710-4718-A487-7C4B1DD33F14} = {1B80ABE4-1617-4256-AA09-B643621DDE68}
		{A4BE5821-80D7-4BF2-9792-9F1CBC1178BA} = {1B80ABE4-1617-4256-AA09-B643621DDE68}
		{AD9393B8-F72D-4F0F-B61F-F425A04E7ED7} = {1B80ABE4-1617-4256-AA09-B643621DDE68}
		{1AFB2EA9-2464-4C36-8734-C9BD7DD581CF} = {1B80ABE4-1617-4256-AA09-B643621DDE68}
		{149CA0B4-2B8B-43B0-BE05-D9B30653800D} = {1B80ABE4-1617-4256-AA09-B643621DDE68}
	EndGlobalSection
EndGlobal
